PODS:
  - Alamofire (5.6.2)
  - AlamofireImage (4.2.0):
    - Alamofire (~> 5.4)
  - Bolts/Tasks (1.9.1)
  - MessageInputBar (0.4.1):
    - MessageInputBar/Core (= 0.4.1)
  - MessageInputBar/Core (0.4.1)
  - Parse (1.19.3):
    - Parse/Core (= 1.19.3)
  - Parse/Core (1.19.3):
    - Bolts/Tasks (= 1.9.1)
  - ParseSwift (4.14.2)

DEPENDENCIES:
  - AlamofireImage
  - MessageInputBar
  - Parse
  - ParseSwift

SPEC REPOS:
  trunk:
    - Alamofire
    - AlamofireImage
    - Bolts
    - MessageInputBar
    - Parse
    - ParseSwift

SPEC CHECKSUMS:
  Alamofire: d368e1ff8a298e6dde360e35a3e68e6c610e7204
  AlamofireImage: 34a2d90b0e5fe6a5605f85ae4b7b01e784c60192
  Bolts: 8c1e8aab2f603387b8b9924f57d1d64f43d3ffdc
  MessageInputBar: e81c7535347f1f7b923de7080409a535a004b6e4
  Parse: 0abb63a0ff6fa34a3f64b81d595a294e2ece143a
  ParseSwift: 5df70e3d5aed3351fb3188ddf0a2812b7983a379

PODFILE CHECKSUM: 60bb115bd094b082f3430c902bccb00226e8a410

COCOAPODS: 1.11.3
