// !$*UTF8*$!
{
	archiveVersion = 1;
	classes = {
	};
	objectVersion = 55;
	objects = {

/* Begin PBXBuildFile section */
		524FC72B28FE5817007E8801 /* LoginViewController.swift in Sources */ = {isa = PBXBuildFile; fileRef = 524FC72A28FE5817007E8801 /* LoginViewController.swift */; };
		524FC72D28FE5825007E8801 /* SignUpViewController.swift in Sources */ = {isa = PBXBuildFile; fileRef = 524FC72C28FE5825007E8801 /* SignUpViewController.swift */; };
		524FC72F28FE5F50007E8801 /* User.swift in Sources */ = {isa = PBXBuildFile; fileRef = 524FC72E28FE5F50007E8801 /* User.swift */; };
		525B9CE3290EC9FF00514AB3 /* MapKit.framework in Frameworks */ = {isa = PBXBuildFile; fileRef = 525B9CE2290EC9FE00514AB3 /* MapKit.framework */; };
		525B9CE5290ECAC000514AB3 /* MapViewController.swift in Sources */ = {isa = PBXBuildFile; fileRef = 525B9CE4290ECAC000514AB3 /* MapViewController.swift */; };
		5288C6885924DBDBA0D5A055 /* Pods_Carpany.framework in Frameworks */ = {isa = PBXBuildFile; fileRef = A246B0AA5B09482180965380 /* Pods_Carpany.framework */; };
		52A791D6291358D900228AE8 /* SearchMapViewController.swift in Sources */ = {isa = PBXBuildFile; fileRef = 52A791D5291358D900228AE8 /* SearchMapViewController.swift */; };
		52A791D929135C2100228AE8 /* SearchTableViewCell.swift in Sources */ = {isa = PBXBuildFile; fileRef = 52A791D829135C2100228AE8 /* SearchTableViewCell.swift */; };
		52A791DB29183C9400228AE8 /* ResetPasswordViewController.swift in Sources */ = {isa = PBXBuildFile; fileRef = 52A791DA29183C9400228AE8 /* ResetPasswordViewController.swift */; };
		52A791DD291DF4BC00228AE8 /* MapFilterViewController.swift in Sources */ = {isa = PBXBuildFile; fileRef = 52A791DC291DF4BC00228AE8 /* MapFilterViewController.swift */; };
		52FCF44328FE2A9800C0FDCB /* AppDelegate.swift in Sources */ = {isa = PBXBuildFile; fileRef = 52FCF44228FE2A9800C0FDCB /* AppDelegate.swift */; };
		52FCF44528FE2A9800C0FDCB /* SceneDelegate.swift in Sources */ = {isa = PBXBuildFile; fileRef = 52FCF44428FE2A9800C0FDCB /* SceneDelegate.swift */; };
		52FCF44A28FE2A9800C0FDCB /* Main.storyboard in Resources */ = {isa = PBXBuildFile; fileRef = 52FCF44828FE2A9800C0FDCB /* Main.storyboard */; };
		52FCF44C28FE2A9900C0FDCB /* Assets.xcassets in Resources */ = {isa = PBXBuildFile; fileRef = 52FCF44B28FE2A9900C0FDCB /* Assets.xcassets */; };
		52FCF44F28FE2A9900C0FDCB /* LaunchScreen.storyboard in Resources */ = {isa = PBXBuildFile; fileRef = 52FCF44D28FE2A9900C0FDCB /* LaunchScreen.storyboard */; };
		52FCF45A28FE2A9900C0FDCB /* CarpanyTests.swift in Sources */ = {isa = PBXBuildFile; fileRef = 52FCF45928FE2A9900C0FDCB /* CarpanyTests.swift */; };
		52FCF46428FE2A9900C0FDCB /* CarpanyUITests.swift in Sources */ = {isa = PBXBuildFile; fileRef = 52FCF46328FE2A9900C0FDCB /* CarpanyUITests.swift */; };
		52FCF46628FE2A9900C0FDCB /* CarpanyUITestsLaunchTests.swift in Sources */ = {isa = PBXBuildFile; fileRef = 52FCF46528FE2A9900C0FDCB /* CarpanyUITestsLaunchTests.swift */; };
		56887EEBAAA198B4988A2121 /* Pods_Carpany_CarpanyUITests.framework in Frameworks */ = {isa = PBXBuildFile; fileRef = 47C1045C8A0C80AA5A7D63ED /* Pods_Carpany_CarpanyUITests.framework */; };
		812BCC26291AF6630021D63C /* StatusGridCell.swift in Sources */ = {isa = PBXBuildFile; fileRef = 812BCC25291AF6630021D63C /* StatusGridCell.swift */; };
		812BCC28291AF6AB0021D63C /* StatusGridViewController.swift in Sources */ = {isa = PBXBuildFile; fileRef = 812BCC27291AF6AB0021D63C /* StatusGridViewController.swift */; };
		81689463291635EC00250314 /* README.md in Resources */ = {isa = PBXBuildFile; fileRef = 81689462291635EC00250314 /* README.md */; };
		818CFB352919B90C00A173DB /* GarageCell.swift in Sources */ = {isa = PBXBuildFile; fileRef = 818CFB342919B90C00A173DB /* GarageCell.swift */; };
		81A765C6291D8788008F793E /* EditDescriptionViewController.swift in Sources */ = {isa = PBXBuildFile; fileRef = 81A765C5291D8788008F793E /* EditDescriptionViewController.swift */; };
		81A765C8291D8E53008F793E /* EditNameViewController.swift in Sources */ = {isa = PBXBuildFile; fileRef = 81A765C7291D8E53008F793E /* EditNameViewController.swift */; };
		81A765CA291DD14D008F793E /* CarTableViewCell.swift in Sources */ = {isa = PBXBuildFile; fileRef = 81A765C9291DD14D008F793E /* CarTableViewCell.swift */; };
		81A765CC291E2646008F793E /* DetailImageCell.swift in Sources */ = {isa = PBXBuildFile; fileRef = 81A765CB291E2646008F793E /* DetailImageCell.swift */; };
		81A765CE291E2663008F793E /* DetailInfoCell.swift in Sources */ = {isa = PBXBuildFile; fileRef = 81A765CD291E2663008F793E /* DetailInfoCell.swift */; };
		81A765D0291E2689008F793E /* CarDetailViewController.swift in Sources */ = {isa = PBXBuildFile; fileRef = 81A765CF291E2689008F793E /* CarDetailViewController.swift */; };
		81B5B6E9290CBEC10092C254 /* ProfileViewController.swift in Sources */ = {isa = PBXBuildFile; fileRef = 81B5B6E8290CBEC10092C254 /* ProfileViewController.swift */; };
		81F8CB802915F59C00F9623F /* GarageViewController.swift in Sources */ = {isa = PBXBuildFile; fileRef = 81F8CB7F2915F59C00F9623F /* GarageViewController.swift */; };
		8711BA7829184B6800B61F9D /* SearchViewController.swift in Sources */ = {isa = PBXBuildFile; fileRef = 8711BA7729184B6800B61F9D /* SearchViewController.swift */; };
		8711BA7A291855E900B61F9D /* CarTableViewController.swift in Sources */ = {isa = PBXBuildFile; fileRef = 8711BA79291855E900B61F9D /* CarTableViewController.swift */; };
		8711BA84291AF32700B61F9D /* DescriptionViewController.swift in Sources */ = {isa = PBXBuildFile; fileRef = 8711BA83291AF32700B61F9D /* DescriptionViewController.swift */; };
		B833EAD7291AD3480082A594 /* CameraViewController.swift in Sources */ = {isa = PBXBuildFile; fileRef = B833EAD6291AD3480082A594 /* CameraViewController.swift */; };
		B845E7EC29162A6500757229 /* MainViewController.swift in Sources */ = {isa = PBXBuildFile; fileRef = B845E7EB29162A6500757229 /* MainViewController.swift */; };
		B8B45820291C29E200BAFBA7 /* PostCell.swift in Sources */ = {isa = PBXBuildFile; fileRef = B8B4581F291C29E200BAFBA7 /* PostCell.swift */; };
		B8B45822291C37B800BAFBA7 /* CommentCell.swift in Sources */ = {isa = PBXBuildFile; fileRef = B8B45821291C37B800BAFBA7 /* CommentCell.swift */; };
		CB329E13C3F097AB313DC85D /* Pods_CarpanyTests.framework in Frameworks */ = {isa = PBXBuildFile; fileRef = 17D5C2559C5666AAD00CA175 /* Pods_CarpanyTests.framework */; };
/* End PBXBuildFile section */

/* Begin PBXContainerItemProxy section */
		52FCF45628FE2A9900C0FDCB /* PBXContainerItemProxy */ = {
			isa = PBXContainerItemProxy;
			containerPortal = 52FCF43728FE2A9800C0FDCB /* Project object */;
			proxyType = 1;
			remoteGlobalIDString = 52FCF43E28FE2A9800C0FDCB;
			remoteInfo = Carpany;
		};
		52FCF46028FE2A9900C0FDCB /* PBXContainerItemProxy */ = {
			isa = PBXContainerItemProxy;
			containerPortal = 52FCF43728FE2A9800C0FDCB /* Project object */;
			proxyType = 1;
			remoteGlobalIDString = 52FCF43E28FE2A9800C0FDCB;
			remoteInfo = Carpany;
		};
/* End PBXContainerItemProxy section */

/* Begin PBXFileReference section */
		17D5C2559C5666AAD00CA175 /* Pods_CarpanyTests.framework */ = {isa = PBXFileReference; explicitFileType = wrapper.framework; includeInIndex = 0; path = Pods_CarpanyTests.framework; sourceTree = BUILT_PRODUCTS_DIR; };
		1C52F2EAEDBC8568AEF04595 /* Pods-Carpany-CarpanyUITests.release.xcconfig */ = {isa = PBXFileReference; includeInIndex = 1; lastKnownFileType = text.xcconfig; name = "Pods-Carpany-CarpanyUITests.release.xcconfig"; path = "Target Support Files/Pods-Carpany-CarpanyUITests/Pods-Carpany-CarpanyUITests.release.xcconfig"; sourceTree = "<group>"; };
		47C1045C8A0C80AA5A7D63ED /* Pods_Carpany_CarpanyUITests.framework */ = {isa = PBXFileReference; explicitFileType = wrapper.framework; includeInIndex = 0; path = Pods_Carpany_CarpanyUITests.framework; sourceTree = BUILT_PRODUCTS_DIR; };
		524FC72A28FE5817007E8801 /* LoginViewController.swift */ = {isa = PBXFileReference; lastKnownFileType = sourcecode.swift; path = LoginViewController.swift; sourceTree = "<group>"; };
		524FC72C28FE5825007E8801 /* SignUpViewController.swift */ = {isa = PBXFileReference; lastKnownFileType = sourcecode.swift; path = SignUpViewController.swift; sourceTree = "<group>"; };
		524FC72E28FE5F50007E8801 /* User.swift */ = {isa = PBXFileReference; lastKnownFileType = sourcecode.swift; path = User.swift; sourceTree = "<group>"; };
		525B9CE2290EC9FE00514AB3 /* MapKit.framework */ = {isa = PBXFileReference; lastKnownFileType = wrapper.framework; name = MapKit.framework; path = System/Library/Frameworks/MapKit.framework; sourceTree = SDKROOT; };
		525B9CE4290ECAC000514AB3 /* MapViewController.swift */ = {isa = PBXFileReference; lastKnownFileType = sourcecode.swift; path = MapViewController.swift; sourceTree = "<group>"; };
		52A791D5291358D900228AE8 /* SearchMapViewController.swift */ = {isa = PBXFileReference; lastKnownFileType = sourcecode.swift; path = SearchMapViewController.swift; sourceTree = "<group>"; };
		52A791D829135C2100228AE8 /* SearchTableViewCell.swift */ = {isa = PBXFileReference; lastKnownFileType = sourcecode.swift; path = SearchTableViewCell.swift; sourceTree = "<group>"; };
		52A791DA29183C9400228AE8 /* ResetPasswordViewController.swift */ = {isa = PBXFileReference; lastKnownFileType = sourcecode.swift; path = ResetPasswordViewController.swift; sourceTree = "<group>"; };
		52A791DC291DF4BC00228AE8 /* MapFilterViewController.swift */ = {isa = PBXFileReference; lastKnownFileType = sourcecode.swift; path = MapFilterViewController.swift; sourceTree = "<group>"; };
		52FCF43F28FE2A9800C0FDCB /* Carpany.app */ = {isa = PBXFileReference; explicitFileType = wrapper.application; includeInIndex = 0; path = Carpany.app; sourceTree = BUILT_PRODUCTS_DIR; };
		52FCF44228FE2A9800C0FDCB /* AppDelegate.swift */ = {isa = PBXFileReference; lastKnownFileType = sourcecode.swift; path = AppDelegate.swift; sourceTree = "<group>"; };
		52FCF44428FE2A9800C0FDCB /* SceneDelegate.swift */ = {isa = PBXFileReference; lastKnownFileType = sourcecode.swift; path = SceneDelegate.swift; sourceTree = "<group>"; };
		52FCF44928FE2A9800C0FDCB /* Base */ = {isa = PBXFileReference; lastKnownFileType = file.storyboard; name = Base; path = Base.lproj/Main.storyboard; sourceTree = "<group>"; };
		52FCF44B28FE2A9900C0FDCB /* Assets.xcassets */ = {isa = PBXFileReference; lastKnownFileType = folder.assetcatalog; path = Assets.xcassets; sourceTree = "<group>"; };
		52FCF44E28FE2A9900C0FDCB /* Base */ = {isa = PBXFileReference; lastKnownFileType = file.storyboard; name = Base; path = Base.lproj/LaunchScreen.storyboard; sourceTree = "<group>"; };
		52FCF45028FE2A9900C0FDCB /* Info.plist */ = {isa = PBXFileReference; lastKnownFileType = text.plist.xml; path = Info.plist; sourceTree = "<group>"; };
		52FCF45528FE2A9900C0FDCB /* CarpanyTests.xctest */ = {isa = PBXFileReference; explicitFileType = wrapper.cfbundle; includeInIndex = 0; path = CarpanyTests.xctest; sourceTree = BUILT_PRODUCTS_DIR; };
		52FCF45928FE2A9900C0FDCB /* CarpanyTests.swift */ = {isa = PBXFileReference; lastKnownFileType = sourcecode.swift; path = CarpanyTests.swift; sourceTree = "<group>"; };
		52FCF45F28FE2A9900C0FDCB /* CarpanyUITests.xctest */ = {isa = PBXFileReference; explicitFileType = wrapper.cfbundle; includeInIndex = 0; path = CarpanyUITests.xctest; sourceTree = BUILT_PRODUCTS_DIR; };
		52FCF46328FE2A9900C0FDCB /* CarpanyUITests.swift */ = {isa = PBXFileReference; lastKnownFileType = sourcecode.swift; path = CarpanyUITests.swift; sourceTree = "<group>"; };
		52FCF46528FE2A9900C0FDCB /* CarpanyUITestsLaunchTests.swift */ = {isa = PBXFileReference; lastKnownFileType = sourcecode.swift; path = CarpanyUITestsLaunchTests.swift; sourceTree = "<group>"; };
		5ED8A93F2DA2FB1089F01EE9 /* Pods-Carpany-CarpanyUITests.debug.xcconfig */ = {isa = PBXFileReference; includeInIndex = 1; lastKnownFileType = text.xcconfig; name = "Pods-Carpany-CarpanyUITests.debug.xcconfig"; path = "Target Support Files/Pods-Carpany-CarpanyUITests/Pods-Carpany-CarpanyUITests.debug.xcconfig"; sourceTree = "<group>"; };
		812BCC25291AF6630021D63C /* StatusGridCell.swift */ = {isa = PBXFileReference; lastKnownFileType = sourcecode.swift; path = StatusGridCell.swift; sourceTree = "<group>"; };
		812BCC27291AF6AB0021D63C /* StatusGridViewController.swift */ = {isa = PBXFileReference; lastKnownFileType = sourcecode.swift; path = StatusGridViewController.swift; sourceTree = "<group>"; };
		81689462291635EC00250314 /* README.md */ = {isa = PBXFileReference; fileEncoding = 4; lastKnownFileType = net.daringfireball.markdown; path = README.md; sourceTree = "<group>"; };
		818CFB342919B90C00A173DB /* GarageCell.swift */ = {isa = PBXFileReference; lastKnownFileType = sourcecode.swift; path = GarageCell.swift; sourceTree = "<group>"; };
		81A765C5291D8788008F793E /* EditDescriptionViewController.swift */ = {isa = PBXFileReference; lastKnownFileType = sourcecode.swift; path = EditDescriptionViewController.swift; sourceTree = "<group>"; };
		81A765C7291D8E53008F793E /* EditNameViewController.swift */ = {isa = PBXFileReference; lastKnownFileType = sourcecode.swift; path = EditNameViewController.swift; sourceTree = "<group>"; };
		81A765C9291DD14D008F793E /* CarTableViewCell.swift */ = {isa = PBXFileReference; lastKnownFileType = sourcecode.swift; path = CarTableViewCell.swift; sourceTree = "<group>"; };
		81A765CB291E2646008F793E /* DetailImageCell.swift */ = {isa = PBXFileReference; lastKnownFileType = sourcecode.swift; path = DetailImageCell.swift; sourceTree = "<group>"; };
		81A765CD291E2663008F793E /* DetailInfoCell.swift */ = {isa = PBXFileReference; lastKnownFileType = sourcecode.swift; path = DetailInfoCell.swift; sourceTree = "<group>"; };
		81A765CF291E2689008F793E /* CarDetailViewController.swift */ = {isa = PBXFileReference; lastKnownFileType = sourcecode.swift; path = CarDetailViewController.swift; sourceTree = "<group>"; };
		81B5B6E8290CBEC10092C254 /* ProfileViewController.swift */ = {isa = PBXFileReference; lastKnownFileType = sourcecode.swift; path = ProfileViewController.swift; sourceTree = "<group>"; };
		81F8CB7F2915F59C00F9623F /* GarageViewController.swift */ = {isa = PBXFileReference; lastKnownFileType = sourcecode.swift; path = GarageViewController.swift; sourceTree = "<group>"; };
		8711BA7729184B6800B61F9D /* SearchViewController.swift */ = {isa = PBXFileReference; lastKnownFileType = sourcecode.swift; path = SearchViewController.swift; sourceTree = "<group>"; };
		8711BA79291855E900B61F9D /* CarTableViewController.swift */ = {isa = PBXFileReference; lastKnownFileType = sourcecode.swift; path = CarTableViewController.swift; sourceTree = "<group>"; };
		8711BA83291AF32700B61F9D /* DescriptionViewController.swift */ = {isa = PBXFileReference; lastKnownFileType = sourcecode.swift; path = DescriptionViewController.swift; sourceTree = "<group>"; };
		9D8A989E194167C70C18AC70 /* Pods-CarpanyTests.debug.xcconfig */ = {isa = PBXFileReference; includeInIndex = 1; lastKnownFileType = text.xcconfig; name = "Pods-CarpanyTests.debug.xcconfig"; path = "Target Support Files/Pods-CarpanyTests/Pods-CarpanyTests.debug.xcconfig"; sourceTree = "<group>"; };
		A246B0AA5B09482180965380 /* Pods_Carpany.framework */ = {isa = PBXFileReference; explicitFileType = wrapper.framework; includeInIndex = 0; path = Pods_Carpany.framework; sourceTree = BUILT_PRODUCTS_DIR; };
		B833EAD6291AD3480082A594 /* CameraViewController.swift */ = {isa = PBXFileReference; lastKnownFileType = sourcecode.swift; path = CameraViewController.swift; sourceTree = "<group>"; };
		B845E7EB29162A6500757229 /* MainViewController.swift */ = {isa = PBXFileReference; lastKnownFileType = sourcecode.swift; path = MainViewController.swift; sourceTree = "<group>"; };
		B8B4581F291C29E200BAFBA7 /* PostCell.swift */ = {isa = PBXFileReference; lastKnownFileType = sourcecode.swift; path = PostCell.swift; sourceTree = "<group>"; };
		B8B45821291C37B800BAFBA7 /* CommentCell.swift */ = {isa = PBXFileReference; lastKnownFileType = sourcecode.swift; path = CommentCell.swift; sourceTree = "<group>"; };
		BDE6AE8D0AC834020594A50E /* Pods-Carpany.release.xcconfig */ = {isa = PBXFileReference; includeInIndex = 1; lastKnownFileType = text.xcconfig; name = "Pods-Carpany.release.xcconfig"; path = "Target Support Files/Pods-Carpany/Pods-Carpany.release.xcconfig"; sourceTree = "<group>"; };
		EFC6B575B3394853C4E6F8FA /* Pods-CarpanyTests.release.xcconfig */ = {isa = PBXFileReference; includeInIndex = 1; lastKnownFileType = text.xcconfig; name = "Pods-CarpanyTests.release.xcconfig"; path = "Target Support Files/Pods-CarpanyTests/Pods-CarpanyTests.release.xcconfig"; sourceTree = "<group>"; };
		F9C0A19972F7AE9804620539 /* Pods-Carpany.debug.xcconfig */ = {isa = PBXFileReference; includeInIndex = 1; lastKnownFileType = text.xcconfig; name = "Pods-Carpany.debug.xcconfig"; path = "Target Support Files/Pods-Carpany/Pods-Carpany.debug.xcconfig"; sourceTree = "<group>"; };
/* End PBXFileReference section */

/* Begin PBXFrameworksBuildPhase section */
		52FCF43C28FE2A9800C0FDCB /* Frameworks */ = {
			isa = PBXFrameworksBuildPhase;
			buildActionMask = 2147483647;
			files = (
				525B9CE3290EC9FF00514AB3 /* MapKit.framework in Frameworks */,
				5288C6885924DBDBA0D5A055 /* Pods_Carpany.framework in Frameworks */,
			);
			runOnlyForDeploymentPostprocessing = 0;
		};
		52FCF45228FE2A9900C0FDCB /* Frameworks */ = {
			isa = PBXFrameworksBuildPhase;
			buildActionMask = 2147483647;
			files = (
				CB329E13C3F097AB313DC85D /* Pods_CarpanyTests.framework in Frameworks */,
			);
			runOnlyForDeploymentPostprocessing = 0;
		};
		52FCF45C28FE2A9900C0FDCB /* Frameworks */ = {
			isa = PBXFrameworksBuildPhase;
			buildActionMask = 2147483647;
			files = (
				56887EEBAAA198B4988A2121 /* Pods_Carpany_CarpanyUITests.framework in Frameworks */,
			);
			runOnlyForDeploymentPostprocessing = 0;
		};
/* End PBXFrameworksBuildPhase section */

/* Begin PBXGroup section */
		524FC72928FE57FF007E8801 /* View Controller */ = {
			isa = PBXGroup;
			children = (
				52A791D729135BEE00228AE8 /* Cell */,
				8711BA79291855E900B61F9D /* CarTableViewController.swift */,
				B833EAD6291AD3480082A594 /* CameraViewController.swift */,
				524FC72A28FE5817007E8801 /* LoginViewController.swift */,
				524FC72C28FE5825007E8801 /* SignUpViewController.swift */,
				81B5B6E8290CBEC10092C254 /* ProfileViewController.swift */,
				52A791DC291DF4BC00228AE8 /* MapFilterViewController.swift */,
				525B9CE4290ECAC000514AB3 /* MapViewController.swift */,
				52A791D5291358D900228AE8 /* SearchMapViewController.swift */,
				8711BA7729184B6800B61F9D /* SearchViewController.swift */,
				8711BA83291AF32700B61F9D /* DescriptionViewController.swift */,
				81F8CB7F2915F59C00F9623F /* GarageViewController.swift */,
				52A791DA29183C9400228AE8 /* ResetPasswordViewController.swift */,
				812BCC27291AF6AB0021D63C /* StatusGridViewController.swift */,
				81A765C5291D8788008F793E /* EditDescriptionViewController.swift */,
				81A765C7291D8E53008F793E /* EditNameViewController.swift */,
				81A765CF291E2689008F793E /* CarDetailViewController.swift */,
			);
			path = "View Controller";
			sourceTree = "<group>";
		};
		52A791D729135BEE00228AE8 /* Cell */ = {
			isa = PBXGroup;
			children = (
				B8B45821291C37B800BAFBA7 /* CommentCell.swift */,
				B8B4581F291C29E200BAFBA7 /* PostCell.swift */,
				52A791D829135C2100228AE8 /* SearchTableViewCell.swift */,
				818CFB342919B90C00A173DB /* GarageCell.swift */,
				812BCC25291AF6630021D63C /* StatusGridCell.swift */,
				81A765C9291DD14D008F793E /* CarTableViewCell.swift */,
				81A765CB291E2646008F793E /* DetailImageCell.swift */,
				81A765CD291E2663008F793E /* DetailInfoCell.swift */,
			);
			path = Cell;
			sourceTree = "<group>";
		};
		52FCF43628FE2A9800C0FDCB = {
			isa = PBXGroup;
			children = (
				81689462291635EC00250314 /* README.md */,
				52FCF44128FE2A9800C0FDCB /* Carpany */,
				52FCF45828FE2A9900C0FDCB /* CarpanyTests */,
				52FCF46228FE2A9900C0FDCB /* CarpanyUITests */,
				52FCF44028FE2A9800C0FDCB /* Products */,
				BCE3C35ECDA927D1E7E61F82 /* Pods */,
				9FCD08290DE3773C947FA397 /* Frameworks */,
			);
			sourceTree = "<group>";
		};
		52FCF44028FE2A9800C0FDCB /* Products */ = {
			isa = PBXGroup;
			children = (
				52FCF43F28FE2A9800C0FDCB /* Carpany.app */,
				52FCF45528FE2A9900C0FDCB /* CarpanyTests.xctest */,
				52FCF45F28FE2A9900C0FDCB /* CarpanyUITests.xctest */,
			);
			name = Products;
			sourceTree = "<group>";
		};
		52FCF44128FE2A9800C0FDCB /* Carpany */ = {
			isa = PBXGroup;
			children = (
				524FC72928FE57FF007E8801 /* View Controller */,
				52FCF44228FE2A9800C0FDCB /* AppDelegate.swift */,
				52FCF44428FE2A9800C0FDCB /* SceneDelegate.swift */,
				52FCF44828FE2A9800C0FDCB /* Main.storyboard */,
				52FCF44B28FE2A9900C0FDCB /* Assets.xcassets */,
				52FCF44D28FE2A9900C0FDCB /* LaunchScreen.storyboard */,
				52FCF45028FE2A9900C0FDCB /* Info.plist */,
				524FC72E28FE5F50007E8801 /* User.swift */,
				B845E7EB29162A6500757229 /* MainViewController.swift */,
			);
			path = Carpany;
			sourceTree = "<group>";
		};
		52FCF45828FE2A9900C0FDCB /* CarpanyTests */ = {
			isa = PBXGroup;
			children = (
				52FCF45928FE2A9900C0FDCB /* CarpanyTests.swift */,
			);
			path = CarpanyTests;
			sourceTree = "<group>";
		};
		52FCF46228FE2A9900C0FDCB /* CarpanyUITests */ = {
			isa = PBXGroup;
			children = (
				52FCF46328FE2A9900C0FDCB /* CarpanyUITests.swift */,
				52FCF46528FE2A9900C0FDCB /* CarpanyUITestsLaunchTests.swift */,
			);
			path = CarpanyUITests;
			sourceTree = "<group>";
		};
		9FCD08290DE3773C947FA397 /* Frameworks */ = {
			isa = PBXGroup;
			children = (
				525B9CE2290EC9FE00514AB3 /* MapKit.framework */,
				A246B0AA5B09482180965380 /* Pods_Carpany.framework */,
				47C1045C8A0C80AA5A7D63ED /* Pods_Carpany_CarpanyUITests.framework */,
				17D5C2559C5666AAD00CA175 /* Pods_CarpanyTests.framework */,
			);
			name = Frameworks;
			sourceTree = "<group>";
		};
		BCE3C35ECDA927D1E7E61F82 /* Pods */ = {
			isa = PBXGroup;
			children = (
				F9C0A19972F7AE9804620539 /* Pods-Carpany.debug.xcconfig */,
				BDE6AE8D0AC834020594A50E /* Pods-Carpany.release.xcconfig */,
				5ED8A93F2DA2FB1089F01EE9 /* Pods-Carpany-CarpanyUITests.debug.xcconfig */,
				1C52F2EAEDBC8568AEF04595 /* Pods-Carpany-CarpanyUITests.release.xcconfig */,
				9D8A989E194167C70C18AC70 /* Pods-CarpanyTests.debug.xcconfig */,
				EFC6B575B3394853C4E6F8FA /* Pods-CarpanyTests.release.xcconfig */,
			);
			path = Pods;
			sourceTree = "<group>";
		};
/* End PBXGroup section */

/* Begin PBXNativeTarget section */
		52FCF43E28FE2A9800C0FDCB /* Carpany */ = {
			isa = PBXNativeTarget;
			buildConfigurationList = 52FCF46928FE2A9900C0FDCB /* Build configuration list for PBXNativeTarget "Carpany" */;
			buildPhases = (
				CE034F9A06B81A1CF7CF666D /* [CP] Check Pods Manifest.lock */,
				52FCF43B28FE2A9800C0FDCB /* Sources */,
				52FCF43C28FE2A9800C0FDCB /* Frameworks */,
				52FCF43D28FE2A9800C0FDCB /* Resources */,
				46663B95AC10E100CA9D2B6B /* [CP] Embed Pods Frameworks */,
			);
			buildRules = (
			);
			dependencies = (
			);
			name = Carpany;
			productName = Carpany;
			productReference = 52FCF43F28FE2A9800C0FDCB /* Carpany.app */;
			productType = "com.apple.product-type.application";
		};
		52FCF45428FE2A9900C0FDCB /* CarpanyTests */ = {
			isa = PBXNativeTarget;
			buildConfigurationList = 52FCF46C28FE2A9900C0FDCB /* Build configuration list for PBXNativeTarget "CarpanyTests" */;
			buildPhases = (
				5000B744A097C9AA11F773DC /* [CP] Check Pods Manifest.lock */,
				52FCF45128FE2A9900C0FDCB /* Sources */,
				52FCF45228FE2A9900C0FDCB /* Frameworks */,
				52FCF45328FE2A9900C0FDCB /* Resources */,
			);
			buildRules = (
			);
			dependencies = (
				52FCF45728FE2A9900C0FDCB /* PBXTargetDependency */,
			);
			name = CarpanyTests;
			productName = CarpanyTests;
			productReference = 52FCF45528FE2A9900C0FDCB /* CarpanyTests.xctest */;
			productType = "com.apple.product-type.bundle.unit-test";
		};
		52FCF45E28FE2A9900C0FDCB /* CarpanyUITests */ = {
			isa = PBXNativeTarget;
			buildConfigurationList = 52FCF46F28FE2A9900C0FDCB /* Build configuration list for PBXNativeTarget "CarpanyUITests" */;
			buildPhases = (
				1E964E05F817D1CF896EB5DC /* [CP] Check Pods Manifest.lock */,
				52FCF45B28FE2A9900C0FDCB /* Sources */,
				52FCF45C28FE2A9900C0FDCB /* Frameworks */,
				52FCF45D28FE2A9900C0FDCB /* Resources */,
				36267C4E482065811199B337 /* [CP] Embed Pods Frameworks */,
			);
			buildRules = (
			);
			dependencies = (
				52FCF46128FE2A9900C0FDCB /* PBXTargetDependency */,
			);
			name = CarpanyUITests;
			productName = CarpanyUITests;
			productReference = 52FCF45F28FE2A9900C0FDCB /* CarpanyUITests.xctest */;
			productType = "com.apple.product-type.bundle.ui-testing";
		};
/* End PBXNativeTarget section */

/* Begin PBXProject section */
		52FCF43728FE2A9800C0FDCB /* Project object */ = {
			isa = PBXProject;
			attributes = {
				BuildIndependentTargetsInParallel = 1;
				LastSwiftUpdateCheck = 1400;
				LastUpgradeCheck = 1400;
				TargetAttributes = {
					52FCF43E28FE2A9800C0FDCB = {
						CreatedOnToolsVersion = 14.0.1;
					};
					52FCF45428FE2A9900C0FDCB = {
						CreatedOnToolsVersion = 14.0.1;
						TestTargetID = 52FCF43E28FE2A9800C0FDCB;
					};
					52FCF45E28FE2A9900C0FDCB = {
						CreatedOnToolsVersion = 14.0.1;
						TestTargetID = 52FCF43E28FE2A9800C0FDCB;
					};
				};
			};
			buildConfigurationList = 52FCF43A28FE2A9800C0FDCB /* Build configuration list for PBXProject "Carpany" */;
			compatibilityVersion = "Xcode 13.0";
			developmentRegion = en;
			hasScannedForEncodings = 0;
			knownRegions = (
				en,
				Base,
			);
			mainGroup = 52FCF43628FE2A9800C0FDCB;
			productRefGroup = 52FCF44028FE2A9800C0FDCB /* Products */;
			projectDirPath = "";
			projectRoot = "";
			targets = (
				52FCF43E28FE2A9800C0FDCB /* Carpany */,
				52FCF45428FE2A9900C0FDCB /* CarpanyTests */,
				52FCF45E28FE2A9900C0FDCB /* CarpanyUITests */,
			);
		};
/* End PBXProject section */

/* Begin PBXResourcesBuildPhase section */
		52FCF43D28FE2A9800C0FDCB /* Resources */ = {
			isa = PBXResourcesBuildPhase;
			buildActionMask = 2147483647;
			files = (
				52FCF44F28FE2A9900C0FDCB /* LaunchScreen.storyboard in Resources */,
				52FCF44C28FE2A9900C0FDCB /* Assets.xcassets in Resources */,
				81689463291635EC00250314 /* README.md in Resources */,
				52FCF44A28FE2A9800C0FDCB /* Main.storyboard in Resources */,
			);
			runOnlyForDeploymentPostprocessing = 0;
		};
		52FCF45328FE2A9900C0FDCB /* Resources */ = {
			isa = PBXResourcesBuildPhase;
			buildActionMask = 2147483647;
			files = (
			);
			runOnlyForDeploymentPostprocessing = 0;
		};
		52FCF45D28FE2A9900C0FDCB /* Resources */ = {
			isa = PBXResourcesBuildPhase;
			buildActionMask = 2147483647;
			files = (
			);
			runOnlyForDeploymentPostprocessing = 0;
		};
/* End PBXResourcesBuildPhase section */

/* Begin PBXShellScriptBuildPhase section */
		1E964E05F817D1CF896EB5DC /* [CP] Check Pods Manifest.lock */ = {
			isa = PBXShellScriptBuildPhase;
			buildActionMask = 2147483647;
			files = (
			);
			inputFileListPaths = (
			);
			inputPaths = (
				"${PODS_PODFILE_DIR_PATH}/Podfile.lock",
				"${PODS_ROOT}/Manifest.lock",
			);
			name = "[CP] Check Pods Manifest.lock";
			outputFileListPaths = (
			);
			outputPaths = (
				"$(DERIVED_FILE_DIR)/Pods-Carpany-CarpanyUITests-checkManifestLockResult.txt",
			);
			runOnlyForDeploymentPostprocessing = 0;
			shellPath = /bin/sh;
			shellScript = "diff \"${PODS_PODFILE_DIR_PATH}/Podfile.lock\" \"${PODS_ROOT}/Manifest.lock\" > /dev/null\nif [ $? != 0 ] ; then\n    # print error to STDERR\n    echo \"error: The sandbox is not in sync with the Podfile.lock. Run 'pod install' or update your CocoaPods installation.\" >&2\n    exit 1\nfi\n# This output is used by Xcode 'outputs' to avoid re-running this script phase.\necho \"SUCCESS\" > \"${SCRIPT_OUTPUT_FILE_0}\"\n";
			showEnvVarsInLog = 0;
		};
		36267C4E482065811199B337 /* [CP] Embed Pods Frameworks */ = {
			isa = PBXShellScriptBuildPhase;
			buildActionMask = 2147483647;
			files = (
			);
			inputFileListPaths = (
				"${PODS_ROOT}/Target Support Files/Pods-Carpany-CarpanyUITests/Pods-Carpany-CarpanyUITests-frameworks-${CONFIGURATION}-input-files.xcfilelist",
			);
			name = "[CP] Embed Pods Frameworks";
			outputFileListPaths = (
				"${PODS_ROOT}/Target Support Files/Pods-Carpany-CarpanyUITests/Pods-Carpany-CarpanyUITests-frameworks-${CONFIGURATION}-output-files.xcfilelist",
			);
			runOnlyForDeploymentPostprocessing = 0;
			shellPath = /bin/sh;
			shellScript = "\"${PODS_ROOT}/Target Support Files/Pods-Carpany-CarpanyUITests/Pods-Carpany-CarpanyUITests-frameworks.sh\"\n";
			showEnvVarsInLog = 0;
		};
		46663B95AC10E100CA9D2B6B /* [CP] Embed Pods Frameworks */ = {
			isa = PBXShellScriptBuildPhase;
			buildActionMask = 2147483647;
			files = (
			);
			inputFileListPaths = (
				"${PODS_ROOT}/Target Support Files/Pods-Carpany/Pods-Carpany-frameworks-${CONFIGURATION}-input-files.xcfilelist",
			);
			name = "[CP] Embed Pods Frameworks";
			outputFileListPaths = (
				"${PODS_ROOT}/Target Support Files/Pods-Carpany/Pods-Carpany-frameworks-${CONFIGURATION}-output-files.xcfilelist",
			);
			runOnlyForDeploymentPostprocessing = 0;
			shellPath = /bin/sh;
			shellScript = "\"${PODS_ROOT}/Target Support Files/Pods-Carpany/Pods-Carpany-frameworks.sh\"\n";
			showEnvVarsInLog = 0;
		};
		5000B744A097C9AA11F773DC /* [CP] Check Pods Manifest.lock */ = {
			isa = PBXShellScriptBuildPhase;
			buildActionMask = 2147483647;
			files = (
			);
			inputFileListPaths = (
			);
			inputPaths = (
				"${PODS_PODFILE_DIR_PATH}/Podfile.lock",
				"${PODS_ROOT}/Manifest.lock",
			);
			name = "[CP] Check Pods Manifest.lock";
			outputFileListPaths = (
			);
			outputPaths = (
				"$(DERIVED_FILE_DIR)/Pods-CarpanyTests-checkManifestLockResult.txt",
			);
			runOnlyForDeploymentPostprocessing = 0;
			shellPath = /bin/sh;
			shellScript = "diff \"${PODS_PODFILE_DIR_PATH}/Podfile.lock\" \"${PODS_ROOT}/Manifest.lock\" > /dev/null\nif [ $? != 0 ] ; then\n    # print error to STDERR\n    echo \"error: The sandbox is not in sync with the Podfile.lock. Run 'pod install' or update your CocoaPods installation.\" >&2\n    exit 1\nfi\n# This output is used by Xcode 'outputs' to avoid re-running this script phase.\necho \"SUCCESS\" > \"${SCRIPT_OUTPUT_FILE_0}\"\n";
			showEnvVarsInLog = 0;
		};
		CE034F9A06B81A1CF7CF666D /* [CP] Check Pods Manifest.lock */ = {
			isa = PBXShellScriptBuildPhase;
			buildActionMask = 2147483647;
			files = (
			);
			inputFileListPaths = (
			);
			inputPaths = (
				"${PODS_PODFILE_DIR_PATH}/Podfile.lock",
				"${PODS_ROOT}/Manifest.lock",
			);
			name = "[CP] Check Pods Manifest.lock";
			outputFileListPaths = (
			);
			outputPaths = (
				"$(DERIVED_FILE_DIR)/Pods-Carpany-checkManifestLockResult.txt",
			);
			runOnlyForDeploymentPostprocessing = 0;
			shellPath = /bin/sh;
			shellScript = "diff \"${PODS_PODFILE_DIR_PATH}/Podfile.lock\" \"${PODS_ROOT}/Manifest.lock\" > /dev/null\nif [ $? != 0 ] ; then\n    # print error to STDERR\n    echo \"error: The sandbox is not in sync with the Podfile.lock. Run 'pod install' or update your CocoaPods installation.\" >&2\n    exit 1\nfi\n# This output is used by Xcode 'outputs' to avoid re-running this script phase.\necho \"SUCCESS\" > \"${SCRIPT_OUTPUT_FILE_0}\"\n";
			showEnvVarsInLog = 0;
		};
/* End PBXShellScriptBuildPhase section */

/* Begin PBXSourcesBuildPhase section */
		52FCF43B28FE2A9800C0FDCB /* Sources */ = {
			isa = PBXSourcesBuildPhase;
			buildActionMask = 2147483647;
			files = (
				8711BA7A291855E900B61F9D /* CarTableViewController.swift in Sources */,
				52A791D929135C2100228AE8 /* SearchTableViewCell.swift in Sources */,
				81B5B6E9290CBEC10092C254 /* ProfileViewController.swift in Sources */,
				524FC72F28FE5F50007E8801 /* User.swift in Sources */,
				81A765CC291E2646008F793E /* DetailImageCell.swift in Sources */,
				B845E7EC29162A6500757229 /* MainViewController.swift in Sources */,
				81A765CA291DD14D008F793E /* CarTableViewCell.swift in Sources */,
				81A765CE291E2663008F793E /* DetailInfoCell.swift in Sources */,
				818CFB352919B90C00A173DB /* GarageCell.swift in Sources */,
				81F8CB802915F59C00F9623F /* GarageViewController.swift in Sources */,
				52A791DD291DF4BC00228AE8 /* MapFilterViewController.swift in Sources */,
				524FC72B28FE5817007E8801 /* LoginViewController.swift in Sources */,
				52A791D6291358D900228AE8 /* SearchMapViewController.swift in Sources */,
				81A765D0291E2689008F793E /* CarDetailViewController.swift in Sources */,
				8711BA7829184B6800B61F9D /* SearchViewController.swift in Sources */,
				52FCF44328FE2A9800C0FDCB /* AppDelegate.swift in Sources */,
				524FC72D28FE5825007E8801 /* SignUpViewController.swift in Sources */,
				8711BA84291AF32700B61F9D /* DescriptionViewController.swift in Sources */,
				52A791DB29183C9400228AE8 /* ResetPasswordViewController.swift in Sources */,
				524FC72D28FE5825007E8801 /* SignUpViewController.swift in Sources */,
				81A765C8291D8E53008F793E /* EditNameViewController.swift in Sources */,
				B833EAD7291AD3480082A594 /* CameraViewController.swift in Sources */,
				81A765C6291D8788008F793E /* EditDescriptionViewController.swift in Sources */,
				812BCC26291AF6630021D63C /* StatusGridCell.swift in Sources */,
				52FCF44528FE2A9800C0FDCB /* SceneDelegate.swift in Sources */,
				812BCC28291AF6AB0021D63C /* StatusGridViewController.swift in Sources */,
				525B9CE5290ECAC000514AB3 /* MapViewController.swift in Sources */,
				B8B45820291C29E200BAFBA7 /* PostCell.swift in Sources */,
				B8B45822291C37B800BAFBA7 /* CommentCell.swift in Sources */,
			);
			runOnlyForDeploymentPostprocessing = 0;
		};
		52FCF45128FE2A9900C0FDCB /* Sources */ = {
			isa = PBXSourcesBuildPhase;
			buildActionMask = 2147483647;
			files = (
				52FCF45A28FE2A9900C0FDCB /* CarpanyTests.swift in Sources */,
			);
			runOnlyForDeploymentPostprocessing = 0;
		};
		52FCF45B28FE2A9900C0FDCB /* Sources */ = {
			isa = PBXSourcesBuildPhase;
			buildActionMask = 2147483647;
			files = (
				52FCF46428FE2A9900C0FDCB /* CarpanyUITests.swift in Sources */,
				52FCF46628FE2A9900C0FDCB /* CarpanyUITestsLaunchTests.swift in Sources */,
			);
			runOnlyForDeploymentPostprocessing = 0;
		};
/* End PBXSourcesBuildPhase section */

/* Begin PBXTargetDependency section */
		52FCF45728FE2A9900C0FDCB /* PBXTargetDependency */ = {
			isa = PBXTargetDependency;
			target = 52FCF43E28FE2A9800C0FDCB /* Carpany */;
			targetProxy = 52FCF45628FE2A9900C0FDCB /* PBXContainerItemProxy */;
		};
		52FCF46128FE2A9900C0FDCB /* PBXTargetDependency */ = {
			isa = PBXTargetDependency;
			target = 52FCF43E28FE2A9800C0FDCB /* Carpany */;
			targetProxy = 52FCF46028FE2A9900C0FDCB /* PBXContainerItemProxy */;
		};
/* End PBXTargetDependency section */

/* Begin PBXVariantGroup section */
		52FCF44828FE2A9800C0FDCB /* Main.storyboard */ = {
			isa = PBXVariantGroup;
			children = (
				52FCF44928FE2A9800C0FDCB /* Base */,
			);
			name = Main.storyboard;
			sourceTree = "<group>";
		};
		52FCF44D28FE2A9900C0FDCB /* LaunchScreen.storyboard */ = {
			isa = PBXVariantGroup;
			children = (
				52FCF44E28FE2A9900C0FDCB /* Base */,
			);
			name = LaunchScreen.storyboard;
			sourceTree = "<group>";
		};
/* End PBXVariantGroup section */

/* Begin XCBuildConfiguration section */
		52FCF46728FE2A9900C0FDCB /* Debug */ = {
			isa = XCBuildConfiguration;
			buildSettings = {
				ALWAYS_SEARCH_USER_PATHS = NO;
				CLANG_ANALYZER_NONNULL = YES;
				CLANG_ANALYZER_NUMBER_OBJECT_CONVERSION = YES_AGGRESSIVE;
				CLANG_CXX_LANGUAGE_STANDARD = "gnu++20";
				CLANG_ENABLE_MODULES = YES;
				CLANG_ENABLE_OBJC_ARC = YES;
				CLANG_ENABLE_OBJC_WEAK = YES;
				CLANG_WARN_BLOCK_CAPTURE_AUTORELEASING = YES;
				CLANG_WARN_BOOL_CONVERSION = YES;
				CLANG_WARN_COMMA = YES;
				CLANG_WARN_CONSTANT_CONVERSION = YES;
				CLANG_WARN_DEPRECATED_OBJC_IMPLEMENTATIONS = YES;
				CLANG_WARN_DIRECT_OBJC_ISA_USAGE = YES_ERROR;
				CLANG_WARN_DOCUMENTATION_COMMENTS = YES;
				CLANG_WARN_EMPTY_BODY = YES;
				CLANG_WARN_ENUM_CONVERSION = YES;
				CLANG_WARN_INFINITE_RECURSION = YES;
				CLANG_WARN_INT_CONVERSION = YES;
				CLANG_WARN_NON_LITERAL_NULL_CONVERSION = YES;
				CLANG_WARN_OBJC_IMPLICIT_RETAIN_SELF = YES;
				CLANG_WARN_OBJC_LITERAL_CONVERSION = YES;
				CLANG_WARN_OBJC_ROOT_CLASS = YES_ERROR;
				CLANG_WARN_QUOTED_INCLUDE_IN_FRAMEWORK_HEADER = YES;
				CLANG_WARN_RANGE_LOOP_ANALYSIS = YES;
				CLANG_WARN_STRICT_PROTOTYPES = YES;
				CLANG_WARN_SUSPICIOUS_MOVE = YES;
				CLANG_WARN_UNGUARDED_AVAILABILITY = YES_AGGRESSIVE;
				CLANG_WARN_UNREACHABLE_CODE = YES;
				CLANG_WARN__DUPLICATE_METHOD_MATCH = YES;
				COPY_PHASE_STRIP = NO;
				DEBUG_INFORMATION_FORMAT = dwarf;
				ENABLE_STRICT_OBJC_MSGSEND = YES;
				ENABLE_TESTABILITY = YES;
				GCC_C_LANGUAGE_STANDARD = gnu11;
				GCC_DYNAMIC_NO_PIC = NO;
				GCC_NO_COMMON_BLOCKS = YES;
				GCC_OPTIMIZATION_LEVEL = 0;
				GCC_PREPROCESSOR_DEFINITIONS = (
					"DEBUG=1",
					"$(inherited)",
				);
				GCC_WARN_64_TO_32_BIT_CONVERSION = YES;
				GCC_WARN_ABOUT_RETURN_TYPE = YES_ERROR;
				GCC_WARN_UNDECLARED_SELECTOR = YES;
				GCC_WARN_UNINITIALIZED_AUTOS = YES_AGGRESSIVE;
				GCC_WARN_UNUSED_FUNCTION = YES;
				GCC_WARN_UNUSED_VARIABLE = YES;
				IPHONEOS_DEPLOYMENT_TARGET = 16.0;
				MTL_ENABLE_DEBUG_INFO = INCLUDE_SOURCE;
				MTL_FAST_MATH = YES;
				ONLY_ACTIVE_ARCH = YES;
				SDKROOT = iphoneos;
				SWIFT_ACTIVE_COMPILATION_CONDITIONS = DEBUG;
				SWIFT_OPTIMIZATION_LEVEL = "-Onone";
			};
			name = Debug;
		};
		52FCF46828FE2A9900C0FDCB /* Release */ = {
			isa = XCBuildConfiguration;
			buildSettings = {
				ALWAYS_SEARCH_USER_PATHS = NO;
				CLANG_ANALYZER_NONNULL = YES;
				CLANG_ANALYZER_NUMBER_OBJECT_CONVERSION = YES_AGGRESSIVE;
				CLANG_CXX_LANGUAGE_STANDARD = "gnu++20";
				CLANG_ENABLE_MODULES = YES;
				CLANG_ENABLE_OBJC_ARC = YES;
				CLANG_ENABLE_OBJC_WEAK = YES;
				CLANG_WARN_BLOCK_CAPTURE_AUTORELEASING = YES;
				CLANG_WARN_BOOL_CONVERSION = YES;
				CLANG_WARN_COMMA = YES;
				CLANG_WARN_CONSTANT_CONVERSION = YES;
				CLANG_WARN_DEPRECATED_OBJC_IMPLEMENTATIONS = YES;
				CLANG_WARN_DIRECT_OBJC_ISA_USAGE = YES_ERROR;
				CLANG_WARN_DOCUMENTATION_COMMENTS = YES;
				CLANG_WARN_EMPTY_BODY = YES;
				CLANG_WARN_ENUM_CONVERSION = YES;
				CLANG_WARN_INFINITE_RECURSION = YES;
				CLANG_WARN_INT_CONVERSION = YES;
				CLANG_WARN_NON_LITERAL_NULL_CONVERSION = YES;
				CLANG_WARN_OBJC_IMPLICIT_RETAIN_SELF = YES;
				CLANG_WARN_OBJC_LITERAL_CONVERSION = YES;
				CLANG_WARN_OBJC_ROOT_CLASS = YES_ERROR;
				CLANG_WARN_QUOTED_INCLUDE_IN_FRAMEWORK_HEADER = YES;
				CLANG_WARN_RANGE_LOOP_ANALYSIS = YES;
				CLANG_WARN_STRICT_PROTOTYPES = YES;
				CLANG_WARN_SUSPICIOUS_MOVE = YES;
				CLANG_WARN_UNGUARDED_AVAILABILITY = YES_AGGRESSIVE;
				CLANG_WARN_UNREACHABLE_CODE = YES;
				CLANG_WARN__DUPLICATE_METHOD_MATCH = YES;
				COPY_PHASE_STRIP = NO;
				DEBUG_INFORMATION_FORMAT = "dwarf-with-dsym";
				ENABLE_NS_ASSERTIONS = NO;
				ENABLE_STRICT_OBJC_MSGSEND = YES;
				GCC_C_LANGUAGE_STANDARD = gnu11;
				GCC_NO_COMMON_BLOCKS = YES;
				GCC_WARN_64_TO_32_BIT_CONVERSION = YES;
				GCC_WARN_ABOUT_RETURN_TYPE = YES_ERROR;
				GCC_WARN_UNDECLARED_SELECTOR = YES;
				GCC_WARN_UNINITIALIZED_AUTOS = YES_AGGRESSIVE;
				GCC_WARN_UNUSED_FUNCTION = YES;
				GCC_WARN_UNUSED_VARIABLE = YES;
				IPHONEOS_DEPLOYMENT_TARGET = 16.0;
				MTL_ENABLE_DEBUG_INFO = NO;
				MTL_FAST_MATH = YES;
				SDKROOT = iphoneos;
				SWIFT_COMPILATION_MODE = wholemodule;
				SWIFT_OPTIMIZATION_LEVEL = "-O";
				VALIDATE_PRODUCT = YES;
			};
			name = Release;
		};
		52FCF46A28FE2A9900C0FDCB /* Debug */ = {
			isa = XCBuildConfiguration;
			baseConfigurationReference = F9C0A19972F7AE9804620539 /* Pods-Carpany.debug.xcconfig */;
			buildSettings = {
				ASSETCATALOG_COMPILER_APPICON_NAME = AppIcon;
				ASSETCATALOG_COMPILER_GLOBAL_ACCENT_COLOR_NAME = AccentColor;
				CODE_SIGN_STYLE = Automatic;
				CURRENT_PROJECT_VERSION = 1;
				DEVELOPMENT_TEAM = SK9N96XN4K;
				GENERATE_INFOPLIST_FILE = YES;
				INFOPLIST_FILE = Carpany/Info.plist;
				INFOPLIST_KEY_UIApplicationSupportsIndirectInputEvents = YES;
				INFOPLIST_KEY_UILaunchStoryboardName = LaunchScreen;
				INFOPLIST_KEY_UIMainStoryboardFile = Main;
				INFOPLIST_KEY_UISupportedInterfaceOrientations_iPad = "UIInterfaceOrientationPortrait UIInterfaceOrientationPortraitUpsideDown UIInterfaceOrientationLandscapeLeft UIInterfaceOrientationLandscapeRight";
				INFOPLIST_KEY_UISupportedInterfaceOrientations_iPhone = "UIInterfaceOrientationPortrait UIInterfaceOrientationLandscapeLeft UIInterfaceOrientationLandscapeRight";
				IPHONEOS_DEPLOYMENT_TARGET = 14.5;
				LD_RUNPATH_SEARCH_PATHS = (
					"$(inherited)",
					"@executable_path/Frameworks",
				);
				MARKETING_VERSION = 1.0;
				PRODUCT_BUNDLE_IDENTIFIER = com.ttdo19.Carpany;
				PRODUCT_NAME = "$(TARGET_NAME)";
				SWIFT_EMIT_LOC_STRINGS = YES;
				SWIFT_VERSION = 5.0;
				TARGETED_DEVICE_FAMILY = "1,2";
			};
			name = Debug;
		};
		52FCF46B28FE2A9900C0FDCB /* Release */ = {
			isa = XCBuildConfiguration;
			baseConfigurationReference = BDE6AE8D0AC834020594A50E /* Pods-Carpany.release.xcconfig */;
			buildSettings = {
				ASSETCATALOG_COMPILER_APPICON_NAME = AppIcon;
				ASSETCATALOG_COMPILER_GLOBAL_ACCENT_COLOR_NAME = AccentColor;
				CODE_SIGN_IDENTITY = "Apple Development";
				CODE_SIGN_STYLE = Automatic;
				CURRENT_PROJECT_VERSION = 1;
				DEVELOPMENT_TEAM = SK9N96XN4K;
				GENERATE_INFOPLIST_FILE = YES;
				INFOPLIST_FILE = Carpany/Info.plist;
				INFOPLIST_KEY_UIApplicationSupportsIndirectInputEvents = YES;
				INFOPLIST_KEY_UILaunchStoryboardName = LaunchScreen;
				INFOPLIST_KEY_UIMainStoryboardFile = Main;
				INFOPLIST_KEY_UISupportedInterfaceOrientations_iPad = "UIInterfaceOrientationPortrait UIInterfaceOrientationPortraitUpsideDown UIInterfaceOrientationLandscapeLeft UIInterfaceOrientationLandscapeRight";
				INFOPLIST_KEY_UISupportedInterfaceOrientations_iPhone = "UIInterfaceOrientationPortrait UIInterfaceOrientationLandscapeLeft UIInterfaceOrientationLandscapeRight";
				IPHONEOS_DEPLOYMENT_TARGET = 14.5;
				LD_RUNPATH_SEARCH_PATHS = (
					"$(inherited)",
					"@executable_path/Frameworks",
				);
				MARKETING_VERSION = 1.0;
				PRODUCT_BUNDLE_IDENTIFIER = com.ttdo19.Carpany;
				PRODUCT_NAME = "$(TARGET_NAME)";
				PROVISIONING_PROFILE_SPECIFIER = "";
				SWIFT_EMIT_LOC_STRINGS = YES;
				SWIFT_VERSION = 5.0;
				TARGETED_DEVICE_FAMILY = "1,2";
			};
			name = Release;
		};
		52FCF46D28FE2A9900C0FDCB /* Debug */ = {
			isa = XCBuildConfiguration;
			baseConfigurationReference = 9D8A989E194167C70C18AC70 /* Pods-CarpanyTests.debug.xcconfig */;
			buildSettings = {
				ALWAYS_EMBED_SWIFT_STANDARD_LIBRARIES = YES;
				BUNDLE_LOADER = "$(TEST_HOST)";
				CODE_SIGN_STYLE = Automatic;
				CURRENT_PROJECT_VERSION = 1;
				DEVELOPMENT_TEAM = 8T742VG7ZG;
				GENERATE_INFOPLIST_FILE = YES;
				IPHONEOS_DEPLOYMENT_TARGET = 16.0;
				MARKETING_VERSION = 1.0;
				PRODUCT_BUNDLE_IDENTIFIER = com.ttdo19.CarpanyTests;
				PRODUCT_NAME = "$(TARGET_NAME)";
				SWIFT_EMIT_LOC_STRINGS = NO;
				SWIFT_VERSION = 5.0;
				TARGETED_DEVICE_FAMILY = "1,2";
				TEST_HOST = "$(BUILT_PRODUCTS_DIR)/Carpany.app/$(BUNDLE_EXECUTABLE_FOLDER_PATH)/Carpany";
			};
			name = Debug;
		};
		52FCF46E28FE2A9900C0FDCB /* Release */ = {
			isa = XCBuildConfiguration;
			baseConfigurationReference = EFC6B575B3394853C4E6F8FA /* Pods-CarpanyTests.release.xcconfig */;
			buildSettings = {
				ALWAYS_EMBED_SWIFT_STANDARD_LIBRARIES = YES;
				BUNDLE_LOADER = "$(TEST_HOST)";
				CODE_SIGN_STYLE = Automatic;
				CURRENT_PROJECT_VERSION = 1;
				DEVELOPMENT_TEAM = 8T742VG7ZG;
				GENERATE_INFOPLIST_FILE = YES;
				IPHONEOS_DEPLOYMENT_TARGET = 16.0;
				MARKETING_VERSION = 1.0;
				PRODUCT_BUNDLE_IDENTIFIER = com.ttdo19.CarpanyTests;
				PRODUCT_NAME = "$(TARGET_NAME)";
				SWIFT_EMIT_LOC_STRINGS = NO;
				SWIFT_VERSION = 5.0;
				TARGETED_DEVICE_FAMILY = "1,2";
				TEST_HOST = "$(BUILT_PRODUCTS_DIR)/Carpany.app/$(BUNDLE_EXECUTABLE_FOLDER_PATH)/Carpany";
			};
			name = Release;
		};
		52FCF47028FE2A9900C0FDCB /* Debug */ = {
			isa = XCBuildConfiguration;
			baseConfigurationReference = 5ED8A93F2DA2FB1089F01EE9 /* Pods-Carpany-CarpanyUITests.debug.xcconfig */;
			buildSettings = {
				ALWAYS_EMBED_SWIFT_STANDARD_LIBRARIES = YES;
				CODE_SIGN_STYLE = Automatic;
				CURRENT_PROJECT_VERSION = 1;
				DEVELOPMENT_TEAM = 8T742VG7ZG;
				GENERATE_INFOPLIST_FILE = YES;
				MARKETING_VERSION = 1.0;
				PRODUCT_BUNDLE_IDENTIFIER = com.ttdo19.CarpanyUITests;
				PRODUCT_NAME = "$(TARGET_NAME)";
				SWIFT_EMIT_LOC_STRINGS = NO;
				SWIFT_VERSION = 5.0;
				TARGETED_DEVICE_FAMILY = "1,2";
				TEST_TARGET_NAME = Carpany;
			};
			name = Debug;
		};
		52FCF47128FE2A9900C0FDCB /* Release */ = {
			isa = XCBuildConfiguration;
			baseConfigurationReference = 1C52F2EAEDBC8568AEF04595 /* Pods-Carpany-CarpanyUITests.release.xcconfig */;
			buildSettings = {
				ALWAYS_EMBED_SWIFT_STANDARD_LIBRARIES = YES;
				CODE_SIGN_STYLE = Automatic;
				CURRENT_PROJECT_VERSION = 1;
				DEVELOPMENT_TEAM = 8T742VG7ZG;
				GENERATE_INFOPLIST_FILE = YES;
				MARKETING_VERSION = 1.0;
				PRODUCT_BUNDLE_IDENTIFIER = com.ttdo19.CarpanyUITests;
				PRODUCT_NAME = "$(TARGET_NAME)";
				SWIFT_EMIT_LOC_STRINGS = NO;
				SWIFT_VERSION = 5.0;
				TARGETED_DEVICE_FAMILY = "1,2";
				TEST_TARGET_NAME = Carpany;
			};
			name = Release;
		};
/* End XCBuildConfiguration section */

/* Begin XCConfigurationList section */
		52FCF43A28FE2A9800C0FDCB /* Build configuration list for PBXProject "Carpany" */ = {
			isa = XCConfigurationList;
			buildConfigurations = (
				52FCF46728FE2A9900C0FDCB /* Debug */,
				52FCF46828FE2A9900C0FDCB /* Release */,
			);
			defaultConfigurationIsVisible = 0;
			defaultConfigurationName = Release;
		};
		52FCF46928FE2A9900C0FDCB /* Build configuration list for PBXNativeTarget "Carpany" */ = {
			isa = XCConfigurationList;
			buildConfigurations = (
				52FCF46A28FE2A9900C0FDCB /* Debug */,
				52FCF46B28FE2A9900C0FDCB /* Release */,
			);
			defaultConfigurationIsVisible = 0;
			defaultConfigurationName = Release;
		};
		52FCF46C28FE2A9900C0FDCB /* Build configuration list for PBXNativeTarget "CarpanyTests" */ = {
			isa = XCConfigurationList;
			buildConfigurations = (
				52FCF46D28FE2A9900C0FDCB /* Debug */,
				52FCF46E28FE2A9900C0FDCB /* Release */,
			);
			defaultConfigurationIsVisible = 0;
			defaultConfigurationName = Release;
		};
		52FCF46F28FE2A9900C0FDCB /* Build configuration list for PBXNativeTarget "CarpanyUITests" */ = {
			isa = XCConfigurationList;
			buildConfigurations = (
				52FCF47028FE2A9900C0FDCB /* Debug */,
				52FCF47128FE2A9900C0FDCB /* Release */,
			);
			defaultConfigurationIsVisible = 0;
			defaultConfigurationName = Release;
		};
/* End XCConfigurationList section */
	};
	rootObject = 52FCF43728FE2A9800C0FDCB /* Project object */;
}
